PATH
  remote: .
  specs:
    salvia (0.2.1)
      quickjs (~> 0.1)
      rack (~> 3.0)
      thor (~> 1.3)
      zeitwerk (~> 2.6)

GEM
  remote: https://rubygems.org/
  specs:
    json (2.18.0)
    minitest (5.27.0)
    quickjs (0.11.0)
      json
      securerandom
    rack (3.2.4)
    rake (13.3.1)
    securerandom (0.4.1)
    thor (1.4.0)
    zeitwerk (2.7.3)

PLATFORMS
  arm64-darwin-25

DEPENDENCIES
  minitest (~> 5.0)
  rake (~> 13.0)
  salvia!

BUNDLED WITH
   2.4.19
