{
  "version": "5",
  "specifiers": {
    "jsr:@luca/esbuild-deno-loader@0.11": "0.11.1",
    "jsr:@std/bytes@^1.0.2": "1.0.6",
    "jsr:@std/encoding@^1.0.5": "1.0.10",
    "jsr:@std/internal@^1.0.12": "1.0.12",
    "jsr:@std/path@^1.0.6": "1.1.3"
  },
  "jsr": {
    "@luca/esbuild-deno-loader@0.11.1": {
      "integrity": "dc020d16d75b591f679f6b9288b10f38bdb4f24345edb2f5732affa1d9885267",
      "dependencies": [
        "jsr:@std/bytes",
        "jsr:@std/encoding",
        "jsr:@std/path"
      ]
    },
    "@std/bytes@1.0.6": {
      "integrity": "f6ac6adbd8ccd99314045f5703e23af0a68d7f7e58364b47d2c7f408aeb5820a"
    },
    "@std/encoding@1.0.10": {
      "integrity": "8783c6384a2d13abd5e9e87a7ae0520a30e9f56aeeaa3bdf910a3eaaf5c811a1"
    },
    "@std/internal@1.0.12": {
      "integrity": "972a634fd5bc34b242024402972cd5143eac68d8dffaca5eaa4dba30ce17b027"
    },
    "@std/path@1.1.3": {
      "integrity": "b015962d82a5e6daea980c32b82d2c40142149639968549c649031a230b1afb3",
      "dependencies": [
        "jsr:@std/internal"
      ]
    }
  },
  "redirects": {
    "https://esm.sh/@preact/signals-core@^1.4.0?target=denonext": "https://esm.sh/@preact/signals-core@1.12.1?target=denonext"
  },
  "remote": {
    "https://deno.land/x/denoflate@1.2.1/mod.ts": "f5628e44b80b3d80ed525afa2ba0f12408e3849db817d47a883b801f9ce69dd6",
    "https://deno.land/x/denoflate@1.2.1/pkg/denoflate.js": "b9f9ad9457d3f12f28b1fb35c555f57443427f74decb403113d67364e4f2caf4",
    "https://deno.land/x/denoflate@1.2.1/pkg/denoflate_bg.wasm.js": "d581956245407a2115a3d7e8d85a9641c032940a8e810acbd59ca86afd34d44d",
    "https://deno.land/x/esbuild@v0.24.2/mod.js": "8d1e46a6494585235b0514d37743ee48a4f6f0b8e00fca9d0a2e371914b1df0e",
    "https://esm.sh/@preact/signals-core@1.12.1/denonext/signals-core.mjs": "7ec7397ff664d18002330248c74ad39a8f65ad2db3a2ecdfdc9874d3585cd32a",
    "https://esm.sh/@preact/signals-core@1.12.1?target=denonext": "cc0c788b17ca5e38bc693aceccad467cdcd2c576974444d0bf65309619b4bf20",
    "https://esm.sh/@preact/signals@1.2.2/X-ZXByZWFjdA/denonext/signals.mjs": "b588b595eda1161dbb91eab1170c293d89194faa41a4dfc50c04986869f79f6a",
    "https://esm.sh/@preact/signals@1.2.2?external=preact": "fc9fb49e945d8e44b00d8fbed96594355ad0cefc580a5da9f6488f617dca8773",
    "https://esm.sh/preact-render-to-string@6.3.1/X-ZXByZWFjdA/denonext/preact-render-to-string.mjs": "859e9f3dc137a53c17542bbed4cf8accdca81a2895d7a52d1fca38e6c5c00c90",
    "https://esm.sh/preact-render-to-string@6.3.1?external=preact": "3bc8562bab5e16dd3c984d996abdc37d25880319bb9eac3169e97a9c7fa51243",
    "https://esm.sh/preact@10.19.3": "e665fa7cfbac33461e7ecf79f8b361a8f831b3e7edc8089d1f95e05fed6a8be1",
    "https://esm.sh/preact@10.19.3/denonext/hooks.mjs": "1e6dcdc31a6d4c4fecf1665538f892bb33bbee8fee0f3c664b9db5362871849f",
    "https://esm.sh/preact@10.19.3/denonext/jsx-runtime.mjs": "a151a1f662b5e3023385100c46e2c4142489d3b982cb094a08af8a3ca7b30c1d",
    "https://esm.sh/preact@10.19.3/denonext/preact.mjs": "6233d303372951bb69428bcd7fd4a6617fc721edee334f228ae8b2e5ab6a2e7f",
    "https://esm.sh/preact@10.19.3/hooks": "ec6d1409b12bce994ec7f0711b17e41424e339727af83fb471acc63952e35278",
    "https://esm.sh/preact@10.19.3/jsx-runtime": "c0a489946b2a492ed590365ce1dbb2606adef27635722687b7d6320f57faf435"
  }
}
